# This file was autogenerated by uv via the following command:
#    uv pip compile requirements.txt -o requirements.lock
abnf==2.2.0
    # via polyfile-weave
accelerate==1.13.0
    # via
    #   -r requirements.txt
    #   docling
    #   docling-ibm-models
aiohappyeyeballs==2.6.1
    # via aiohttp
aiohttp==3.13.5
    # via
    #   langchain-community
    #   llama-index-core
    #   llama-index-readers-web
    #   oxylabs
aiosignal==1.4.0
    # via aiohttp
aiosqlite==0.22.1
    # via llama-index-core
altair==6.0.0
    # via streamlit
annotated-doc==0.0.4
    # via
    #   fastapi
    #   typer
annotated-types==0.7.0
    # via pydantic
antlr4-python3-runtime==4.9.3
    # via omegaconf
anyio==4.13.0
    # via
    #   google-genai
    #   gql
    #   httpx
    #   mcp
    #   openai
    #   sse-starlette
    #   starlette
    #   watchfiles
attrs==26.1.0
    # via
    #   aiohttp
    #   jsonlines
    #   jsonschema
    #   outcome
    #   referencing
    #   trio
backoff==2.2.1
    # via
    #   gql
    #   langfuse
banks==2.4.1
    # via llama-index-core
bcrypt==5.0.0
    # via chromadb
beautifulsoup4==4.14.3
    # via
    #   -r requirements.txt
    #   docling
    #   feedfinder2
    #   llama-index-readers-file
    #   llama-index-readers-web
    #   markdownify
    #   newspaper3k
blinker==1.9.0
    # via streamlit
build==1.4.2
    # via chromadb
cachetools==7.0.5
    # via
    #   streamlit
    #   weave
certifi==2026.2.25
    # via
    #   docling
    #   httpcore
    #   httpx
    #   kubernetes
    #   llama-cloud
    #   requests
    #   selenium
    #   sentry-sdk
cffi==2.0.0
    # via
    #   cryptography
    #   soundfile
chardet==7.4.0.post2
    # via polyfile-weave
charset-normalizer==3.4.7
    # via
    #   pdfminer-six
    #   requests
chromadb==1.5.5
    # via
    #   -r requirements.txt
    #   llama-index-vector-stores-chroma
chromedriver-autoinstaller==0.6.4
    # via llama-index-readers-web
cint==1.0.0
    # via polyfile-weave
click==8.3.2
    # via
    #   ddgs
    #   duckduckgo-search
    #   llama-cloud-services
    #   nltk
    #   streamlit
    #   typer
    #   uvicorn
    #   wandb
    #   weave
colorama==0.4.6
    # via griffecli
colorlog==6.10.1
    # via rapidocr
contourpy==1.3.3
    # via matplotlib
cryptography==46.0.6
    # via
    #   google-auth
    #   pdfminer-six
    #   pyjwt
cssselect==1.4.0
    # via newspaper3k
cuda-bindings==13.2.0
    # via torch
cuda-pathfinder==1.5.1
    # via cuda-bindings
cuda-toolkit==13.0.2
    # via torch
cycler==0.12.1
    # via matplotlib
dataclasses-json==0.6.7
    # via
    #   langchain-community
    #   llama-index-core
ddgs==9.12.1
    # via -r requirements.txt
defusedxml==0.7.1
    # via
    #   docling
    #   docling-core
    #   llama-index-readers-file
    #   llama-index-readers-web
    #   youtube-transcript-api
deprecated==1.3.1
    # via
    #   banks
    #   llama-index-core
    #   llama-index-instrumentation
diffusers==0.37.1
    # via -r requirements.txt
dill==0.4.1
    # via multiprocess
dirtyjson==1.0.8
    # via llama-index-core
diskcache-weave==5.6.3.post1
    # via weave
distro==1.9.0
    # via
    #   google-genai
    #   openai
docling==2.84.0
    # via
    #   -r requirements.txt
    #   llama-index-readers-docling
docling-core==2.71.0
    # via
    #   docling
    #   docling-ibm-models
    #   docling-parse
    #   llama-index-readers-docling
docling-ibm-models==3.13.0
    # via docling
docling-parse==5.7.0
    # via docling
duckduckgo-search==8.1.1
    # via -r requirements.txt
durationpy==0.10
    # via kubernetes
einops==0.8.2
    # via -r requirements.txt
et-xmlfile==2.0.0
    # via openpyxl
faker==40.12.0
    # via polyfactory
fastapi==0.135.3
    # via -r requirements.txt
feedfinder2==0.0.4
    # via newspaper3k
feedparser==6.0.12
    # via newspaper3k
fickling==0.1.10
    # via polyfile-weave
filelock==3.25.2
    # via
    #   diffusers
    #   huggingface-hub
    #   polyfile-weave
    #   tldextract
    #   torch
filetype==1.2.0
    # via
    #   banks
    #   docling
    #   llama-index-core
flatbuffers==25.12.19
    # via onnxruntime
fonttools==4.62.1
    # via matplotlib
frozenlist==1.8.0
    # via
    #   aiohttp
    #   aiosignal
fsspec==2026.3.0
    # via
    #   huggingface-hub
    #   llama-index-core
    #   torch
gitdb==4.0.12
    # via gitpython
gitpython==3.1.46
    # via
    #   streamlit
    #   wandb
google-auth==2.49.1
    # via google-genai
google-genai==1.70.0
    # via -r requirements.txt
googleapis-common-protos==1.74.0
    # via
    #   opentelemetry-exporter-otlp-proto-grpc
    #   opentelemetry-exporter-otlp-proto-http
gql==4.0.0
    # via weave
graphql-core==3.2.8
    # via gql
graphviz==0.21
    # via polyfile-weave
greenlet==3.3.2
    # via
    #   playwright
    #   sqlalchemy
griffe==2.0.2
    # via banks
griffecli==2.0.2
    # via griffe
griffelib==2.0.2
    # via
    #   griffe
    #   griffecli
grpcio==1.80.0
    # via
    #   chromadb
    #   opentelemetry-exporter-otlp-proto-grpc
h11==0.16.0
    # via
    #   httpcore
    #   uvicorn
    #   wsproto
hf-xet==1.4.3
    # via huggingface-hub
html2text==2024.2.26
    # via
    #   -r requirements.txt
    #   llama-index-readers-web
httpcore==1.0.9
    # via httpx
httptools==0.7.1
    # via uvicorn
httpx==0.28.1
    # via
    #   -r requirements.txt
    #   chromadb
    #   diffusers
    #   google-genai
    #   gql
    #   huggingface-hub
    #   langfuse
    #   langsmith
    #   llama-cloud
    #   llama-index-core
    #   llama-index-readers-web
    #   mcp
    #   openai
httpx-sse==0.4.3
    # via
    #   langchain-community
    #   mcp
huggingface-hub==1.9.0
    # via
    #   accelerate
    #   diffusers
    #   docling
    #   docling-ibm-models
    #   kernels
    #   sentence-transformers
    #   smolagents
    #   tokenizers
    #   transformers
idna==3.11
    # via
    #   anyio
    #   httpx
    #   requests
    #   tldextract
    #   trio
    #   yarl
importlib-metadata==8.7.1
    # via
    #   diffusers
    #   opentelemetry-api
importlib-resources==6.5.2
    # via chromadb
iniconfig==2.3.0
    # via pytest
intervaltree==3.2.1
    # via polyfile-weave
jieba3k==0.35.1
    # via newspaper3k
jinja2==3.1.6
    # via
    #   altair
    #   banks
    #   polyfile-weave
    #   pydeck
    #   smolagents
    #   torch
jiter==0.13.0
    # via openai
joblib==1.5.3
    # via
    #   nltk
    #   scikit-learn
jsonlines==4.0.0
    # via docling-ibm-models
jsonpatch==1.33
    # via langchain-core
jsonpointer==3.1.1
    # via jsonpatch
jsonref==1.1.0
    # via docling-core
jsonschema==4.26.0
    # via
    #   altair
    #   chromadb
    #   docling-core
    #   mcp
    #   weave
jsonschema-specifications==2025.9.1
    # via jsonschema
kaitaistruct==0.11
    # via polyfile-weave
kernels==0.12.3
    # via -r requirements.txt
kiwisolver==1.5.0
    # via matplotlib
kubernetes==35.0.0
    # via chromadb
langchain==0.3.28
    # via
    #   -r requirements.txt
    #   langchain-community
langchain-community==0.3.21
    # via -r requirements.txt
langchain-core==0.3.83
    # via
    #   langchain
    #   langchain-community
    #   langchain-text-splitters
langchain-text-splitters==0.3.11
    # via langchain
langfuse==4.0.6
    # via -r requirements.txt
langsmith==0.3.45
    # via
    #   langchain
    #   langchain-community
    #   langchain-core
latex2mathml==3.79.0
    # via docling-core
llama-cloud==0.1.35
    # via
    #   llama-cloud-services
    #   llama-index-indices-managed-llama-cloud
llama-cloud-services==0.6.54
    # via llama-parse
llama-index==0.12.52
    # via -r requirements.txt
llama-index-agent-openai==0.4.12
    # via
    #   llama-index
    #   llama-index-program-openai
llama-index-cli==0.4.4
    # via llama-index
llama-index-core==0.12.52.post1
    # via
    #   llama-cloud-services
    #   llama-index
    #   llama-index-agent-openai
    #   llama-index-cli
    #   llama-index-embeddings-openai
    #   llama-index-indices-managed-llama-cloud
    #   llama-index-llms-openai
    #   llama-index-multi-modal-llms-openai
    #   llama-index-program-openai
    #   llama-index-question-gen-openai
    #   llama-index-readers-docling
    #   llama-index-readers-file
    #   llama-index-readers-llama-parse
    #   llama-index-readers-web
    #   llama-index-readers-youtube-transcript
    #   llama-index-vector-stores-chroma
llama-index-embeddings-openai==0.3.1
    # via
    #   llama-index
    #   llama-index-cli
llama-index-indices-managed-llama-cloud==0.8.0
    # via llama-index
llama-index-instrumentation==0.5.0
    # via llama-index-workflows
llama-index-llms-openai==0.4.7
    # via
    #   llama-index
    #   llama-index-agent-openai
    #   llama-index-cli
    #   llama-index-multi-modal-llms-openai
    #   llama-index-program-openai
    #   llama-index-question-gen-openai
llama-index-multi-modal-llms-openai==0.5.3
    # via llama-index
llama-index-program-openai==0.3.2
    # via
    #   llama-index
    #   llama-index-question-gen-openai
llama-index-question-gen-openai==0.3.1
    # via llama-index
llama-index-readers-docling==0.3.2
    # via -r requirements.txt
llama-index-readers-file==0.4.11
    # via
    #   -r requirements.txt
    #   llama-index
llama-index-readers-llama-parse==0.4.0
    # via llama-index
llama-index-readers-web==0.4.5
    # via -r requirements.txt
llama-index-readers-youtube-transcript==0.3.0
    # via -r requirements.txt
llama-index-vector-stores-chroma==0.4.2
    # via -r requirements.txt
llama-index-workflows==1.3.0
    # via llama-index-core
llama-parse==0.6.54
    # via llama-index-readers-llama-parse
lxml==6.0.2
    # via
    #   ddgs
    #   docling
    #   duckduckgo-search
    #   llama-index-readers-web
    #   lxml-html-clean
    #   newspaper3k
    #   python-docx
    #   python-pptx
lxml-html-clean==0.4.4
    # via llama-index-readers-web
markdown-it-py==4.0.0
    # via rich
markdownify==1.2.2
    # via llama-index-readers-web
marko==2.2.2
    # via docling
markupsafe==3.0.3
    # via jinja2
marshmallow==3.26.2
    # via dataclasses-json
matplotlib==3.10.8
    # via
    #   -r requirements.txt
    #   seaborn
mcp==1.27.0
    # via -r requirements.txt
mdurl==0.1.2
    # via markdown-it-py
mmh3==5.2.1
    # via chromadb
mpire==2.10.2
    # via semchunk
mpmath==1.3.0
    # via sympy
multidict==6.7.1
    # via
    #   aiohttp
    #   yarl
multiprocess==0.70.19
    # via mpire
mypy-extensions==1.1.0
    # via typing-inspect
narwhals==2.18.1
    # via altair
nest-asyncio==1.6.0
    # via
    #   -r requirements.txt
    #   llama-index-core
networkx==3.6.1
    # via
    #   llama-index-core
    #   polyfile-weave
    #   torch
newspaper3k==0.2.8
    # via llama-index-readers-web
nltk==3.9.4
    # via
    #   llama-index
    #   llama-index-core
    #   newspaper3k
numpy==1.26.4
    # via
    #   -r requirements.txt
    #   accelerate
    #   chromadb
    #   contourpy
    #   diffusers
    #   docling-ibm-models
    #   langchain-community
    #   llama-index-core
    #   matplotlib
    #   onnxruntime
    #   opencv-python
    #   pandas
    #   pydeck
    #   rapidocr
    #   safetensors
    #   scikit-learn
    #   scipy
    #   seaborn
    #   sentence-transformers
    #   shapely
    #   soundfile
    #   streamlit
    #   torchvision
    #   transformers
nvidia-cublas==13.1.0.3
    # via
    #   cuda-toolkit
    #   nvidia-cudnn-cu13
    #   nvidia-cusolver
nvidia-cuda-cupti==13.0.85
    # via cuda-toolkit
nvidia-cuda-nvrtc==13.0.88
    # via cuda-toolkit
nvidia-cuda-runtime==13.0.96
    # via cuda-toolkit
nvidia-cudnn-cu13==9.19.0.56
    # via torch
nvidia-cufft==12.0.0.61
    # via cuda-toolkit
nvidia-cufile==1.15.1.6
    # via cuda-toolkit
nvidia-curand==10.4.0.35
    # via cuda-toolkit
nvidia-cusolver==12.0.4.66
    # via cuda-toolkit
nvidia-cusparse==12.6.3.3
    # via
    #   cuda-toolkit
    #   nvidia-cusolver
nvidia-cusparselt-cu13==0.8.0
    # via torch
nvidia-nccl-cu13==2.28.9
    # via torch
nvidia-nvjitlink==13.0.88
    # via
    #   cuda-toolkit
    #   nvidia-cufft
    #   nvidia-cusolver
    #   nvidia-cusparse
nvidia-nvshmem-cu13==3.4.5
    # via torch
nvidia-nvtx==13.0.85
    # via cuda-toolkit
oauthlib==3.3.1
    # via requests-oauthlib
omegaconf==2.3.0
    # via rapidocr
onnxruntime==1.24.4
    # via chromadb
openai==1.109.1
    # via
    #   -r requirements.txt
    #   llama-index-agent-openai
    #   llama-index-embeddings-openai
    #   llama-index-llms-openai
opencv-python==4.11.0.86
    # via rapidocr
openinference-instrumentation==0.1.46
    # via openinference-instrumentation-smolagents
openinference-instrumentation-smolagents==0.1.25
    # via -r requirements.txt
openinference-semantic-conventions==0.1.28
    # via
    #   openinference-instrumentation
    #   openinference-instrumentation-smolagents
openpyxl==3.1.5
    # via
    #   -r requirements.txt
    #   docling
opentelemetry-api==1.40.0
    # via
    #   chromadb
    #   langfuse
    #   openinference-instrumentation
    #   openinference-instrumentation-smolagents
    #   opentelemetry-exporter-otlp-proto-grpc
    #   opentelemetry-exporter-otlp-proto-http
    #   opentelemetry-instrumentation
    #   opentelemetry-sdk
    #   opentelemetry-semantic-conventions
opentelemetry-exporter-otlp-proto-common==1.40.0
    # via
    #   opentelemetry-exporter-otlp-proto-grpc
    #   opentelemetry-exporter-otlp-proto-http
opentelemetry-exporter-otlp-proto-grpc==1.40.0
    # via chromadb
opentelemetry-exporter-otlp-proto-http==1.40.0
    # via langfuse
opentelemetry-instrumentation==0.61b0
    # via openinference-instrumentation-smolagents
opentelemetry-proto==1.40.0
    # via
    #   opentelemetry-exporter-otlp-proto-common
    #   opentelemetry-exporter-otlp-proto-grpc
    #   opentelemetry-exporter-otlp-proto-http
opentelemetry-sdk==1.40.0
    # via
    #   chromadb
    #   langfuse
    #   openinference-instrumentation
    #   opentelemetry-exporter-otlp-proto-grpc
    #   opentelemetry-exporter-otlp-proto-http
opentelemetry-semantic-conventions==0.61b0
    # via
    #   openinference-instrumentation-smolagents
    #   opentelemetry-instrumentation
    #   opentelemetry-sdk
orjson==3.11.8
    # via
    #   chromadb
    #   langsmith
outcome==1.3.0.post0
    # via
    #   trio
    #   trio-websocket
overrides==7.7.0
    # via chromadb
oxylabs==3.0.0
    # via llama-index-readers-web
packaging==25.0
    # via
    #   accelerate
    #   altair
    #   build
    #   chromedriver-autoinstaller
    #   huggingface-hub
    #   kernels
    #   langchain-core
    #   langfuse
    #   langsmith
    #   marshmallow
    #   matplotlib
    #   onnxruntime
    #   opentelemetry-instrumentation
    #   pytest
    #   safetensors
    #   streamlit
    #   transformers
    #   wandb
    #   weave
pandas==2.2.3
    # via
    #   -r requirements.txt
    #   docling
    #   docling-core
    #   llama-index-readers-file
    #   seaborn
    #   streamlit
pdfminer-six==20260107
    # via polyfile-weave
pillow==12.2.0
    # via
    #   -r requirements.txt
    #   diffusers
    #   docling
    #   docling-core
    #   docling-ibm-models
    #   docling-parse
    #   llama-index-core
    #   matplotlib
    #   newspaper3k
    #   polyfile-weave
    #   python-pptx
    #   rapidocr
    #   smolagents
    #   streamlit
    #   torchvision
platformdirs==4.9.4
    # via
    #   banks
    #   llama-cloud-services
    #   llama-index-core
    #   wandb
playwright==1.58.0
    # via llama-index-readers-web
pluggy==1.6.0
    # via
    #   docling
    #   pytest
polyfactory==3.3.0
    # via docling
polyfile-weave==0.5.9
    # via weave
primp==1.2.2
    # via
    #   ddgs
    #   duckduckgo-search
propcache==0.4.1
    # via
    #   aiohttp
    #   yarl
protobuf==6.33.6
    # via
    #   googleapis-common-protos
    #   onnxruntime
    #   opentelemetry-proto
    #   streamlit
    #   wandb
psutil==7.2.2
    # via accelerate
pyarrow==23.0.1
    # via streamlit
pyasn1==0.6.3
    # via pyasn1-modules
pyasn1-modules==0.4.2
    # via google-auth
pybase64==1.4.3
    # via chromadb
pyclipper==1.4.0
    # via rapidocr
pycparser==3.0
    # via cffi
pydantic==2.12.5
    # via
    #   -r requirements.txt
    #   banks
    #   chromadb
    #   docling
    #   docling-core
    #   docling-ibm-models
    #   docling-parse
    #   fastapi
    #   google-genai
    #   langchain
    #   langchain-core
    #   langfuse
    #   langsmith
    #   llama-cloud
    #   llama-cloud-services
    #   llama-index-core
    #   llama-index-instrumentation
    #   llama-index-workflows
    #   mcp
    #   openai
    #   pydantic-settings
    #   wandb
    #   weave
pydantic-core==2.41.5
    # via pydantic
pydantic-settings==2.13.1
    # via
    #   -r requirements.txt
    #   chromadb
    #   docling
    #   langchain-community
    #   mcp
pydeck==0.9.1
    # via streamlit
pyee==13.0.1
    # via playwright
pygments==2.20.0
    # via
    #   mpire
    #   pytest
    #   rich
pyjwt==2.12.1
    # via mcp
pylatexenc==2.10
    # via docling
pyparsing==3.3.2
    # via matplotlib
pypdf==5.9.0
    # via
    #   -r requirements.txt
    #   llama-index-readers-file
pypdfium2==5.6.0
    # via docling
pypika==0.51.1
    # via chromadb
pyproject-hooks==1.2.0
    # via build
pysocks==1.7.1
    # via urllib3
pytest==9.0.2
    # via
    #   -r requirements.txt
    #   pytest-asyncio
pytest-asyncio==1.3.0
    # via -r requirements.txt
python-dateutil==2.9.0.post0
    # via
    #   kubernetes
    #   matplotlib
    #   newspaper3k
    #   pandas
python-docx==1.2.0
    # via docling
python-dotenv==1.2.2
    # via
    #   -r requirements.txt
    #   llama-cloud-services
    #   pydantic-settings
    #   smolagents
    #   uvicorn
python-multipart==0.0.22
    # via
    #   -r requirements.txt
    #   mcp
python-pptx==1.0.2
    # via docling
pytz==2026.1.post1
    # via pandas
pyyaml==6.0.3
    # via
    #   -r requirements.txt
    #   accelerate
    #   chromadb
    #   docling-core
    #   huggingface-hub
    #   kernels
    #   kubernetes
    #   langchain
    #   langchain-community
    #   langchain-core
    #   llama-index-core
    #   newspaper3k
    #   omegaconf
    #   polyfile-weave
    #   rapidocr
    #   transformers
    #   uvicorn
    #   wandb
rapidocr==3.7.0
    # via docling
referencing==0.37.0
    # via
    #   jsonschema
    #   jsonschema-specifications
regex==2026.4.4
    # via
    #   diffusers
    #   nltk
    #   tiktoken
    #   transformers
requests==2.33.1
    # via
    #   -r requirements.txt
    #   diffusers
    #   docling
    #   feedfinder2
    #   google-auth
    #   google-genai
    #   kubernetes
    #   langchain
    #   langchain-community
    #   langsmith
    #   llama-index-core
    #   llama-index-readers-web
    #   newspaper3k
    #   opentelemetry-exporter-otlp-proto-http
    #   oxylabs
    #   rapidocr
    #   requests-file
    #   requests-oauthlib
    #   requests-toolbelt
    #   smolagents
    #   spider-client
    #   streamlit
    #   tiktoken
    #   tldextract
    #   wandb
    #   youtube-transcript-api
requests-file==3.0.1
    # via tldextract
requests-oauthlib==2.0.0
    # via kubernetes
requests-toolbelt==1.0.0
    # via langsmith
rich==14.3.3
    # via
    #   chromadb
    #   smolagents
    #   typer
rpds-py==0.30.0
    # via
    #   jsonschema
    #   referencing
rtree==1.4.1
    # via
    #   docling
    #   docling-ibm-models
safetensors==0.7.0
    # via
    #   accelerate
    #   diffusers
    #   docling-ibm-models
    #   transformers
scikit-learn==1.8.0
    # via
    #   -r requirements.txt
    #   sentence-transformers
scipy==1.17.1
    # via
    #   -r requirements.txt
    #   docling
    #   scikit-learn
    #   sentence-transformers
seaborn==0.13.2
    # via -r requirements.txt
selenium==4.41.0
    # via llama-index-readers-web
semchunk==3.2.5
    # via docling-core
sentence-transformers==5.3.0
    # via -r requirements.txt
sentencepiece==0.2.1
    # via -r requirements.txt
sentry-sdk==2.57.0
    # via
    #   wandb
    #   weave
setuptools==81.0.0
    # via
    #   llama-index-core
    #   torch
sgmllib3k==1.0.0
    # via feedparser
shapely==2.1.2
    # via rapidocr
shellingham==1.5.4
    # via typer
six==1.17.0
    # via
    #   feedfinder2
    #   kubernetes
    #   markdownify
    #   python-dateutil
    #   rapidocr
smmap==5.0.3
    # via gitdb
smolagents==1.22.0
    # via -r requirements.txt
sniffio==1.3.1
    # via
    #   google-genai
    #   openai
    #   trio
sortedcontainers==2.4.0
    # via
    #   intervaltree
    #   trio
soundfile==0.13.1
    # via -r requirements.txt
soupsieve==2.8.3
    # via beautifulsoup4
spider-client==0.0.27
    # via llama-index-readers-web
sqlalchemy==2.0.49
    # via
    #   langchain
    #   langchain-community
    #   llama-index-core
sse-starlette==3.3.4
    # via mcp
starlette==1.0.0
    # via
    #   fastapi
    #   mcp
    #   sse-starlette
streamlit==1.56.0
    # via -r requirements.txt
striprtf==0.0.26
    # via llama-index-readers-file
sympy==1.14.0
    # via
    #   onnxruntime
    #   torch
tabulate==0.10.0
    # via
    #   docling-core
    #   docling-parse
tenacity==9.1.4
    # via
    #   chromadb
    #   google-genai
    #   langchain-community
    #   langchain-core
    #   llama-cloud-services
    #   llama-index-core
    #   streamlit
    #   weave
threadpoolctl==3.6.0
    # via scikit-learn
tiktoken==0.12.0
    # via llama-index-core
tinysegmenter==0.3
    # via newspaper3k
tldextract==5.3.1
    # via newspaper3k
tokenizers==0.22.2
    # via
    #   chromadb
    #   transformers
toml==0.10.2
    # via streamlit
torch==2.11.0
    # via
    #   accelerate
    #   docling
    #   docling-ibm-models
    #   safetensors
    #   sentence-transformers
    #   torchvision
torchvision==0.26.0
    # via
    #   docling
    #   docling-ibm-models
tornado==6.5.5
    # via streamlit
tqdm==4.67.3
    # via
    #   -r requirements.txt
    #   chromadb
    #   docling
    #   docling-ibm-models
    #   huggingface-hub
    #   llama-index-core
    #   mpire
    #   nltk
    #   openai
    #   rapidocr
    #   semchunk
    #   sentence-transformers
    #   transformers
transformers==5.5.0
    # via
    #   -r requirements.txt
    #   docling-core
    #   docling-ibm-models
    #   sentence-transformers
tree-sitter==0.25.2
    # via docling-core
tree-sitter-c==0.24.1
    # via docling-core
tree-sitter-javascript==0.25.0
    # via docling-core
tree-sitter-python==0.25.0
    # via docling-core
tree-sitter-typescript==0.23.2
    # via docling-core
trio==0.33.0
    # via
    #   selenium
    #   trio-websocket
trio-websocket==0.12.2
    # via selenium
triton==3.6.0
    # via torch
typer==0.21.2
    # via
    #   chromadb
    #   docling
    #   docling-core
    #   huggingface-hub
    #   transformers
typing-extensions==4.15.0
    # via
    #   abnf
    #   altair
    #   beautifulsoup4
    #   chromadb
    #   docling-core
    #   fastapi
    #   google-genai
    #   grpcio
    #   huggingface-hub
    #   langchain-core
    #   llama-index-core
    #   llama-index-workflows
    #   mcp
    #   openai
    #   openinference-instrumentation-smolagents
    #   opentelemetry-api
    #   opentelemetry-exporter-otlp-proto-grpc
    #   opentelemetry-exporter-otlp-proto-http
    #   opentelemetry-sdk
    #   opentelemetry-semantic-conventions
    #   polyfactory
    #   pydantic
    #   pydantic-core
    #   pyee
    #   python-docx
    #   python-pptx
    #   selenium
    #   sentence-transformers
    #   sqlalchemy
    #   streamlit
    #   torch
    #   typing-inspect
    #   typing-inspection
    #   wandb
typing-inspect==0.9.0
    # via
    #   dataclasses-json
    #   llama-index-core
typing-inspection==0.4.2
    # via
    #   fastapi
    #   mcp
    #   pydantic
    #   pydantic-settings
tzdata==2026.1
    # via pandas
urllib3==2.6.3
    # via
    #   kubernetes
    #   llama-index-readers-web
    #   requests
    #   selenium
    #   sentry-sdk
uuid-utils==0.14.1
    # via langchain-core
uvicorn==0.43.0
    # via
    #   -r requirements.txt
    #   chromadb
    #   mcp
uvloop==0.22.1
    # via uvicorn
wandb==0.25.1
    # via weave
watchdog==6.0.0
    # via
    #   -r requirements.txt
    #   streamlit
watchfiles==1.1.1
    # via uvicorn
weave==0.52.36
    # via -r requirements.txt
websocket-client==1.9.0
    # via
    #   kubernetes
    #   selenium
websockets==16.0
    # via
    #   google-genai
    #   uvicorn
wrapt==1.17.3
    # via
    #   deprecated
    #   langfuse
    #   llama-index-core
    #   openinference-instrumentation
    #   openinference-instrumentation-smolagents
    #   opentelemetry-instrumentation
wsproto==1.3.2
    # via trio-websocket
xlsxwriter==3.2.9
    # via python-pptx
yarl==1.23.0
    # via
    #   aiohttp
    #   gql
youtube-transcript-api==1.2.4
    # via
    #   -r requirements.txt
    #   llama-index-readers-youtube-transcript
zipp==3.23.0
    # via importlib-metadata
zstandard==0.23.0
    # via langsmith
